# generated by rye
# use `rye lock` or `rye sync` to update this lockfile
#
# last locked with the following flags:
#   pre: false
#   features: []
#   all-features: true
#   with-sources: false

-e file:.
asttokens==2.4.1
    # via stack-data
attrs==23.2.0
    # via jsonschema
    # via referencing
certifi==2024.2.2
    # via requests
charset-normalizer==3.3.2
    # via requests
click==8.1.7
    # via colab2pdf
comm==0.2.2
    # via ipywidgets
decorator==5.1.1
    # via ipython
exceptiongroup==1.2.1
    # via ipython
executing==2.0.1
    # via stack-data
fastjsonschema==2.19.1
    # via nbformat
idna==3.7
    # via requests
ipython==8.24.0
    # via ipywidgets
ipywidgets==8.1.2
    # via colab2pdf
jedi==0.19.1
    # via ipython
jsonschema==4.21.1
    # via nbformat
jsonschema-specifications==2023.12.1
    # via jsonschema
jupyter-core==5.7.2
    # via nbformat
jupyterlab-widgets==3.0.10
    # via ipywidgets
markupsafe==2.1.5
    # via werkzeug
matplotlib-inline==0.1.7
    # via ipython
nbformat==5.10.4
    # via colab2pdf
parso==0.8.4
    # via jedi
pexpect==4.9.0
    # via ipython
platformdirs==4.2.1
    # via jupyter-core
prompt-toolkit==3.0.43
    # via ipython
ptyprocess==0.7.0
    # via pexpect
pure-eval==0.2.2
    # via stack-data
pygments==2.17.2
    # via ipython
pyyaml==6.0.1
    # via colab2pdf
referencing==0.35.0
    # via jsonschema
    # via jsonschema-specifications
requests==2.31.0
    # via colab2pdf
rpds-py==0.18.0
    # via jsonschema
    # via referencing
six==1.16.0
    # via asttokens
stack-data==0.6.3
    # via ipython
traitlets==5.14.3
    # via comm
    # via ipython
    # via ipywidgets
    # via jupyter-core
    # via matplotlib-inline
    # via nbformat
typing-extensions==4.11.0
    # via ipython
urllib3==2.2.1
    # via requests
wcwidth==0.2.13
    # via prompt-toolkit
werkzeug==3.0.2
    # via colab2pdf
widgetsnbextension==4.0.10
    # via ipywidgets
